
Microsoft Visual Studio Solution File, Format Version 12.00
# Visual Studio Version 17
VisualStudioVersion = 17.3.32825.248
MinimumVisualStudioVersion = 10.0.40219.1
Project("{FAE04EC0-301F-11D3-BF4B-00C04F79EFBC}") = "App.Android", "App\App.Android\App.Android.csproj", "{6D1591C2-1381-440D-BFD8-DFE3FDAA219B}"
EndProject
Project("{FAE04EC0-301F-11D3-BF4B-00C04F79EFBC}") = "App.iOS", "App\App.iOS\App.iOS.csproj", "{8BBFB777-99C5-4FDD-AC6B-4118A5C8C4FF}"
EndProject
Project("{FAE04EC0-301F-11D3-BF4B-00C04F79EFBC}") = "App", "App\App\App.csproj", "{8A4C9832-5312-438A-A07C-CF667C7CBA31}"
EndProject
Global
	GlobalSection(SolutionConfigurationPlatforms) = preSolution
		Debug|Any CPU = Debug|Any CPU
		Debug|iPhone = Debug|iPhone
		Debug|iPhoneSimulator = Debug|iPhoneSimulator
		Release|Any CPU = Release|Any CPU
		Release|iPhone = Release|iPhone
		Release|iPhoneSimulator = Release|iPhoneSimulator
	EndGlobalSection
	GlobalSection(ProjectConfigurationPlatforms) = postSolution
		{6D1591C2-1381-440D-BFD8-DFE3FDAA219B}.Debug|Any CPU.ActiveCfg = Debug|Any CPU
		{6D1591C2-1381-440D-BFD8-DFE3FDAA219B}.Debug|Any CPU.Build.0 = Debug|Any CPU
		{6D1591C2-1381-440D-BFD8-DFE3FDAA219B}.Debug|Any CPU.Deploy.0 = Debug|Any CPU
		{6D1591C2-1381-440D-BFD8-DFE3FDAA219B}.Debug|iPhone.ActiveCfg = Debug|Any CPU
		{6D1591C2-1381-440D-BFD8-DFE3FDAA219B}.Debug|iPhone.Build.0 = Debug|Any CPU
		{6D1591C2-1381-440D-BFD8-DFE3FDAA219B}.Debug|iPhone.Deploy.0 = Debug|Any CPU
		{6D1591C2-1381-440D-BFD8-DFE3FDAA219B}.Debug|iPhoneSimulator.ActiveCfg = Debug|Any CPU
		{6D1591C2-1381-440D-BFD8-DFE3FDAA219B}.Debug|iPhoneSimulator.Build.0 = Debug|Any CPU
		{6D1591C2-1381-440D-BFD8-DFE3FDAA219B}.Debug|iPhoneSimulator.Deploy.0 = Debug|Any CPU
		{6D1591C2-1381-440D-BFD8-DFE3FDAA219B}.Release|Any CPU.ActiveCfg = Release|Any CPU
		{6D1591C2-1381-440D-BFD8-DFE3FDAA219B}.Release|Any CPU.Build.0 = Release|Any CPU
		{6D1591C2-1381-440D-BFD8-DFE3FDAA219B}.Release|Any CPU.Deploy.0 = Release|Any CPU
		{6D1591C2-1381-440D-BFD8-DFE3FDAA219B}.Release|iPhone.ActiveCfg = Release|Any CPU
		{6D1591C2-1381-440D-BFD8-DFE3FDAA219B}.Release|iPhone.Build.0 = Release|Any CPU
		{6D1591C2-1381-440D-BFD8-DFE3FDAA219B}.Release|iPhone.Deploy.0 = Release|Any CPU
		{6D1591C2-1381-440D-BFD8-DFE3FDAA219B}.Release|iPhoneSimulator.ActiveCfg = Release|Any CPU
		{6D1591C2-1381-440D-BFD8-DFE3FDAA219B}.Release|iPhoneSimulator.Build.0 = Release|Any CPU
		{6D1591C2-1381-440D-BFD8-DFE3FDAA219B}.Release|iPhoneSimulator.Deploy.0 = Release|Any CPU
		{8BBFB777-99C5-4FDD-AC6B-4118A5C8C4FF}.Debug|Any CPU.ActiveCfg = Debug|iPhone
		{8BBFB777-99C5-4FDD-AC6B-4118A5C8C4FF}.Debug|Any CPU.Build.0 = Debug|iPhone
		{8BBFB777-99C5-4FDD-AC6B-4118A5C8C4FF}.Debug|Any CPU.Deploy.0 = Debug|iPhone
		{8BBFB777-99C5-4FDD-AC6B-4118A5C8C4FF}.Debug|iPhone.ActiveCfg = Debug|iPhone
		{8BBFB777-99C5-4FDD-AC6B-4118A5C8C4FF}.Debug|iPhone.Build.0 = Debug|iPhone
		{8BBFB777-99C5-4FDD-AC6B-4118A5C8C4FF}.Debug|iPhone.Deploy.0 = Debug|iPhone
		{8BBFB777-99C5-4FDD-AC6B-4118A5C8C4FF}.Debug|iPhoneSimulator.ActiveCfg = Debug|iPhoneSimulator
		{8BBFB777-99C5-4FDD-AC6B-4118A5C8C4FF}.Debug|iPhoneSimulator.Build.0 = Debug|iPhoneSimulator
		{8BBFB777-99C5-4FDD-AC6B-4118A5C8C4FF}.Debug|iPhoneSimulator.Deploy.0 = Debug|iPhoneSimulator
		{8BBFB777-99C5-4FDD-AC6B-4118A5C8C4FF}.Release|Any CPU.ActiveCfg = Release|iPhoneSimulator
		{8BBFB777-99C5-4FDD-AC6B-4118A5C8C4FF}.Release|Any CPU.Build.0 = Release|iPhoneSimulator
		{8BBFB777-99C5-4FDD-AC6B-4118A5C8C4FF}.Release|Any CPU.Deploy.0 = Release|iPhoneSimulator
		{8BBFB777-99C5-4FDD-AC6B-4118A5C8C4FF}.Release|iPhone.ActiveCfg = Release|iPhone
		{8BBFB777-99C5-4FDD-AC6B-4118A5C8C4FF}.Release|iPhone.Build.0 = Release|iPhone
		{8BBFB777-99C5-4FDD-AC6B-4118A5C8C4FF}.Release|iPhone.Deploy.0 = Release|iPhone
		{8BBFB777-99C5-4FDD-AC6B-4118A5C8C4FF}.Release|iPhoneSimulator.ActiveCfg = Release|iPhoneSimulator
		{8BBFB777-99C5-4FDD-AC6B-4118A5C8C4FF}.Release|iPhoneSimulator.Build.0 = Release|iPhoneSimulator
		{8BBFB777-99C5-4FDD-AC6B-4118A5C8C4FF}.Release|iPhoneSimulator.Deploy.0 = Release|iPhoneSimulator
		{8A4C9832-5312-438A-A07C-CF667C7CBA31}.Debug|Any CPU.ActiveCfg = Debug|Any CPU
		{8A4C9832-5312-438A-A07C-CF667C7CBA31}.Debug|Any CPU.Build.0 = Debug|Any CPU
		{8A4C9832-5312-438A-A07C-CF667C7CBA31}.Debug|Any CPU.Deploy.0 = Debug|Any CPU
		{8A4C9832-5312-438A-A07C-CF667C7CBA31}.Debug|iPhone.ActiveCfg = Debug|Any CPU
		{8A4C9832-5312-438A-A07C-CF667C7CBA31}.Debug|iPhone.Build.0 = Debug|Any CPU
		{8A4C9832-5312-438A-A07C-CF667C7CBA31}.Debug|iPhone.Deploy.0 = Debug|Any CPU
		{8A4C9832-5312-438A-A07C-CF667C7CBA31}.Debug|iPhoneSimulator.ActiveCfg = Debug|Any CPU
		{8A4C9832-5312-438A-A07C-CF667C7CBA31}.Debug|iPhoneSimulator.Build.0 = Debug|Any CPU
		{8A4C9832-5312-438A-A07C-CF667C7CBA31}.Debug|iPhoneSimulator.Deploy.0 = Debug|Any CPU
		{8A4C9832-5312-438A-A07C-CF667C7CBA31}.Release|Any CPU.ActiveCfg = Release|Any CPU
		{8A4C9832-5312-438A-A07C-CF667C7CBA31}.Release|Any CPU.Build.0 = Release|Any CPU
		{8A4C9832-5312-438A-A07C-CF667C7CBA31}.Release|Any CPU.Deploy.0 = Release|Any CPU
		{8A4C9832-5312-438A-A07C-CF667C7CBA31}.Release|iPhone.ActiveCfg = Release|Any CPU
		{8A4C9832-5312-438A-A07C-CF667C7CBA31}.Release|iPhone.Build.0 = Release|Any CPU
		{8A4C9832-5312-438A-A07C-CF667C7CBA31}.Release|iPhone.Deploy.0 = Release|Any CPU
		{8A4C9832-5312-438A-A07C-CF667C7CBA31}.Release|iPhoneSimulator.ActiveCfg = Release|Any CPU
		{8A4C9832-5312-438A-A07C-CF667C7CBA31}.Release|iPhoneSimulator.Build.0 = Release|Any CPU
		{8A4C9832-5312-438A-A07C-CF667C7CBA31}.Release|iPhoneSimulator.Deploy.0 = Release|Any CPU
	EndGlobalSection
	GlobalSection(SolutionProperties) = preSolution
		HideSolutionNode = FALSE
	EndGlobalSection
	GlobalSection(ExtensibilityGlobals) = postSolution
		SolutionGuid = {D80218AA-5B95-462A-8844-5EC4D695A649}
	EndGlobalSection
EndGlobal
